// !$*UTF8*$!
{
	archiveVersion = 1;
	classes = {
	};
	objectVersion = 56;
	objects = {

/* Begin PBXBuildFile section */
		1A948E9D29F6E3770072C915 /* main.swift in Sources */ = {isa = PBXBuildFile; fileRef = 1A948E9C29F6E3770072C915 /* main.swift */; };
		1A948EA729F6F3B00072C915 /* Guest.swift in Sources */ = {isa = PBXBuildFile; fileRef = 1A948EA629F6F3B00072C915 /* Guest.swift */; };
		1A948EA929F6F3D20072C915 /* GuestHashTable.swift in Sources */ = {isa = PBXBuildFile; fileRef = 1A948EA829F6F3D20072C915 /* GuestHashTable.swift */; };
		1A97E94C29F8921300CA5AFA /* AVLNode.swift in Sources */ = {isa = PBXBuildFile; fileRef = 1A97E94B29F8921300CA5AFA /* AVLNode.swift */; };
		1A97E94E29F8922B00CA5AFA /* AVLTree.swift in Sources */ = {isa = PBXBuildFile; fileRef = 1A97E94D29F8922B00CA5AFA /* AVLTree.swift */; };
		1A97E95029F892F900CA5AFA /* HotelRoom.swift in Sources */ = {isa = PBXBuildFile; fileRef = 1A97E94F29F892F900CA5AFA /* HotelRoom.swift */; };
		1A97E95629F8A6CF00CA5AFA /* LinkedList.swift in Sources */ = {isa = PBXBuildFile; fileRef = 1A97E95529F8A6CF00CA5AFA /* LinkedList.swift */; };
		1A97E95C29F8AB2C00CA5AFA /* CheckInOut.swift in Sources */ = {isa = PBXBuildFile; fileRef = 1A97E95B29F8AB2C00CA5AFA /* CheckInOut.swift */; };
		1A97E95E29F8BA1D00CA5AFA /* CocktailSort.swift in Sources */ = {isa = PBXBuildFile; fileRef = 1A97E95D29F8BA1D00CA5AFA /* CocktailSort.swift */; };
/* End PBXBuildFile section */

/* Begin PBXCopyFilesBuildPhase section */
		1A948E9729F6E3770072C915 /* CopyFiles */ = {
			isa = PBXCopyFilesBuildPhase;
			buildActionMask = 2147483647;
			dstPath = /usr/share/man/man1/;
			dstSubfolderSpec = 0;
			files = (
			);
			runOnlyForDeploymentPostprocessing = 1;
		};
/* End PBXCopyFilesBuildPhase section */

/* Begin PBXFileReference section */
		1A948E9929F6E3770072C915 /* courseProject */ = {isa = PBXFileReference; explicitFileType = "compiled.mach-o.executable"; includeInIndex = 0; path = courseProject; sourceTree = BUILT_PRODUCTS_DIR; };
		1A948E9C29F6E3770072C915 /* main.swift */ = {isa = PBXFileReference; lastKnownFileType = sourcecode.swift; path = main.swift; sourceTree = "<group>"; };
		1A948EA629F6F3B00072C915 /* Guest.swift */ = {isa = PBXFileReference; lastKnownFileType = sourcecode.swift; path = Guest.swift; sourceTree = "<group>"; };
		1A948EA829F6F3D20072C915 /* GuestHashTable.swift */ = {isa = PBXFileReference; lastKnownFileType = sourcecode.swift; path = GuestHashTable.swift; sourceTree = "<group>"; };
		1A97E94B29F8921300CA5AFA /* AVLNode.swift */ = {isa = PBXFileReference; lastKnownFileType = sourcecode.swift; path = AVLNode.swift; sourceTree = "<group>"; };
		1A97E94D29F8922B00CA5AFA /* AVLTree.swift */ = {isa = PBXFileReference; lastKnownFileType = sourcecode.swift; path = AVLTree.swift; sourceTree = "<group>"; };
		1A97E94F29F892F900CA5AFA /* HotelRoom.swift */ = {isa = PBXFileReference; lastKnownFileType = sourcecode.swift; path = HotelRoom.swift; sourceTree = "<group>"; };
		1A97E95529F8A6CF00CA5AFA /* LinkedList.swift */ = {isa = PBXFileReference; lastKnownFileType = sourcecode.swift; path = LinkedList.swift; sourceTree = "<group>"; };
		1A97E95B29F8AB2C00CA5AFA /* CheckInOut.swift */ = {isa = PBXFileReference; lastKnownFileType = sourcecode.swift; path = CheckInOut.swift; sourceTree = "<group>"; };
		1A97E95D29F8BA1D00CA5AFA /* CocktailSort.swift */ = {isa = PBXFileReference; lastKnownFileType = sourcecode.swift; path = CocktailSort.swift; sourceTree = "<group>"; };
/* End PBXFileReference section */

/* Begin PBXFrameworksBuildPhase section */
		1A948E9629F6E3770072C915 /* Frameworks */ = {
			isa = PBXFrameworksBuildPhase;
			buildActionMask = 2147483647;
			files = (
			);
			runOnlyForDeploymentPostprocessing = 0;
		};
/* End PBXFrameworksBuildPhase section */

/* Begin PBXGroup section */
		1A948E9029F6E3770072C915 = {
			isa = PBXGroup;
			children = (
				1A948E9B29F6E3770072C915 /* courseProject */,
				1A948E9A29F6E3770072C915 /* Products */,
			);
			sourceTree = "<group>";
		};
		1A948E9A29F6E3770072C915 /* Products */ = {
			isa = PBXGroup;
			children = (
				1A948E9929F6E3770072C915 /* courseProject */,
			);
			name = Products;
			sourceTree = "<group>";
		};
		1A948E9B29F6E3770072C915 /* courseProject */ = {
			isa = PBXGroup;
			children = (
				1A97E95A29F8AB0100CA5AFA /* CheckInOut */,
				1A97E95929F8AAFD00CA5AFA /* HotelRooms */,
				1A948EA529F6F3960072C915 /* Guests */,
				1A948E9C29F6E3770072C915 /* main.swift */,
			);
			path = courseProject;
			sourceTree = "<group>";
		};
		1A948EA529F6F3960072C915 /* Guests */ = {
			isa = PBXGroup;
			children = (
				1A948EA629F6F3B00072C915 /* Guest.swift */,
				1A948EA829F6F3D20072C915 /* GuestHashTable.swift */,
			);
			name = Guests;
			sourceTree = "<group>";
		};
		1A97E94A29F891F800CA5AFA /* AVLTree */ = {
			isa = PBXGroup;
			children = (
				1A97E94B29F8921300CA5AFA /* AVLNode.swift */,
				1A97E94D29F8922B00CA5AFA /* AVLTree.swift */,
			);
			path = AVLTree;
			sourceTree = "<group>";
		};
		1A97E95429F8A6B700CA5AFA /* LinkedList */ = {
			isa = PBXGroup;
			children = (
				1A97E95529F8A6CF00CA5AFA /* LinkedList.swift */,
			);
			path = LinkedList;
			sourceTree = "<group>";
		};
		1A97E95929F8AAFD00CA5AFA /* HotelRooms */ = {
			isa = PBXGroup;
			children = (
				1A97E94A29F891F800CA5AFA /* AVLTree */,
				1A97E94F29F892F900CA5AFA /* HotelRoom.swift */,
			);
			name = HotelRooms;
			sourceTree = "<group>";
		};
		1A97E95A29F8AB0100CA5AFA /* CheckInOut */ = {
			isa = PBXGroup;
			children = (
				1A97E95429F8A6B700CA5AFA /* LinkedList */,
				1A97E95B29F8AB2C00CA5AFA /* CheckInOut.swift */,
				1A97E95D29F8BA1D00CA5AFA /* CocktailSort.swift */,
			);
			name = CheckInOut;
			sourceTree = "<group>";
		};
/* End PBXGroup section */

/* Begin PBXNativeTarget section */
		1A948E9829F6E3770072C915 /* courseProject */ = {
			isa = PBXNativeTarget;
			buildConfigurationList = 1A948EA029F6E3770072C915 /* Build configuration list for PBXNativeTarget "courseProject" */;
			buildPhases = (
				1A948E9529F6E3770072C915 /* Sources */,
				1A948E9629F6E3770072C915 /* Frameworks */,
				1A948E9729F6E3770072C915 /* CopyFiles */,
			);
			buildRules = (
			);
			dependencies = (
			);
			name = courseProject;
			productName = courseProject;
			productReference = 1A948E9929F6E3770072C915 /* courseProject */;
			productType = "com.apple.product-type.tool";
		};
/* End PBXNativeTarget section */

/* Begin PBXProject section */
		1A948E9129F6E3770072C915 /* Project object */ = {
			isa = PBXProject;
			attributes = {
				BuildIndependentTargetsInParallel = 1;
				LastSwiftUpdateCheck = 1430;
				LastUpgradeCheck = 1430;
				TargetAttributes = {
					1A948E9829F6E3770072C915 = {
						CreatedOnToolsVersion = 14.3;
					};
				};
			};
			buildConfigurationList = 1A948E9429F6E3770072C915 /* Build configuration list for PBXProject "courseProject" */;
			compatibilityVersion = "Xcode 14.0";
			developmentRegion = en;
			hasScannedForEncodings = 0;
			knownRegions = (
				en,
				Base,
			);
			mainGroup = 1A948E9029F6E3770072C915;
			productRefGroup = 1A948E9A29F6E3770072C915 /* Products */;
			projectDirPath = "";
			projectRoot = "";
			targets = (
				1A948E9829F6E3770072C915 /* courseProject */,
			);
		};
/* End PBXProject section */

/* Begin PBXSourcesBuildPhase section */
		1A948E9529F6E3770072C915 /* Sources */ = {
			isa = PBXSourcesBuildPhase;
			buildActionMask = 2147483647;
			files = (
				1A97E95C29F8AB2C00CA5AFA /* CheckInOut.swift in Sources */,
				1A948E9D29F6E3770072C915 /* main.swift in Sources */,
				1A97E95029F892F900CA5AFA /* HotelRoom.swift in Sources */,
				1A97E95E29F8BA1D00CA5AFA /* CocktailSort.swift in Sources */,
				1A97E94C29F8921300CA5AFA /* AVLNode.swift in Sources */,
				1A948EA729F6F3B00072C915 /* Guest.swift in Sources */,
				1A948EA929F6F3D20072C915 /* GuestHashTable.swift in Sources */,
				1A97E94E29F8922B00CA5AFA /* AVLTree.swift in Sources */,
				1A97E95629F8A6CF00CA5AFA /* LinkedList.swift in Sources */,
			);
			runOnlyForDeploymentPostprocessing = 0;
		};
/* End PBXSourcesBuildPhase section */

/* Begin XCBuildConfiguration section */
		1A948E9E29F6E3770072C915 /* Debug */ = {
			isa = XCBuildConfiguration;
			buildSettings = {
				ALWAYS_SEARCH_USER_PATHS = NO;
				CLANG_ANALYZER_NONNULL = YES;
				CLANG_ANALYZER_NUMBER_OBJECT_CONVERSION = YES_AGGRESSIVE;
				CLANG_CXX_LANGUAGE_STANDARD = "gnu++20";
				CLANG_ENABLE_MODULES = YES;
				CLANG_ENABLE_OBJC_ARC = YES;
				CLANG_ENABLE_OBJC_WEAK = YES;
				CLANG_WARN_BLOCK_CAPTURE_AUTORELEASING = YES;
				CLANG_WARN_BOOL_CONVERSION = YES;
				CLANG_WARN_COMMA = YES;
				CLANG_WARN_CONSTANT_CONVERSION = YES;
				CLANG_WARN_DEPRECATED_OBJC_IMPLEMENTATIONS = YES;
				CLANG_WARN_DIRECT_OBJC_ISA_USAGE = YES_ERROR;
				CLANG_WARN_DOCUMENTATION_COMMENTS = YES;
				CLANG_WARN_EMPTY_BODY = YES;
				CLANG_WARN_ENUM_CONVERSION = YES;
				CLANG_WARN_INFINITE_RECURSION = YES;
				CLANG_WARN_INT_CONVERSION = YES;
				CLANG_WARN_NON_LITERAL_NULL_CONVERSION = YES;
				CLANG_WARN_OBJC_IMPLICIT_RETAIN_SELF = YES;
				CLANG_WARN_OBJC_LITERAL_CONVERSION = YES;
				CLANG_WARN_OBJC_ROOT_CLASS = YES_ERROR;
				CLANG_WARN_QUOTED_INCLUDE_IN_FRAMEWORK_HEADER = YES;
				CLANG_WARN_RANGE_LOOP_ANALYSIS = YES;
				CLANG_WARN_STRICT_PROTOTYPES = YES;
				CLANG_WARN_SUSPICIOUS_MOVE = YES;
				CLANG_WARN_UNGUARDED_AVAILABILITY = YES_AGGRESSIVE;
				CLANG_WARN_UNREACHABLE_CODE = YES;
				CLANG_WARN__DUPLICATE_METHOD_MATCH = YES;
				COPY_PHASE_STRIP = NO;
				DEBUG_INFORMATION_FORMAT = dwarf;
				ENABLE_STRICT_OBJC_MSGSEND = YES;
				ENABLE_TESTABILITY = YES;
				GCC_C_LANGUAGE_STANDARD = gnu11;
				GCC_DYNAMIC_NO_PIC = NO;
				GCC_NO_COMMON_BLOCKS = YES;
				GCC_OPTIMIZATION_LEVEL = 0;
				GCC_PREPROCESSOR_DEFINITIONS = (
					"DEBUG=1",
					"$(inherited)",
				);
				GCC_WARN_64_TO_32_BIT_CONVERSION = YES;
				GCC_WARN_ABOUT_RETURN_TYPE = YES_ERROR;
				GCC_WARN_UNDECLARED_SELECTOR = YES;
				GCC_WARN_UNINITIALIZED_AUTOS = YES_AGGRESSIVE;
				GCC_WARN_UNUSED_FUNCTION = YES;
				GCC_WARN_UNUSED_VARIABLE = YES;
				MACOSX_DEPLOYMENT_TARGET = 13.3;
				MTL_ENABLE_DEBUG_INFO = INCLUDE_SOURCE;
				MTL_FAST_MATH = YES;
				ONLY_ACTIVE_ARCH = YES;
				SDKROOT = macosx;
				SWIFT_ACTIVE_COMPILATION_CONDITIONS = DEBUG;
				SWIFT_OPTIMIZATION_LEVEL = "-Onone";
			};
			name = Debug;
		};
		1A948E9F29F6E3770072C915 /* Release */ = {
			isa = XCBuildConfiguration;
			buildSettings = {
				ALWAYS_SEARCH_USER_PATHS = NO;
				CLANG_ANALYZER_NONNULL = YES;
				CLANG_ANALYZER_NUMBER_OBJECT_CONVERSION = YES_AGGRESSIVE;
				CLANG_CXX_LANGUAGE_STANDARD = "gnu++20";
				CLANG_ENABLE_MODULES = YES;
				CLANG_ENABLE_OBJC_ARC = YES;
				CLANG_ENABLE_OBJC_WEAK = YES;
				CLANG_WARN_BLOCK_CAPTURE_AUTORELEASING = YES;
				CLANG_WARN_BOOL_CONVERSION = YES;
				CLANG_WARN_COMMA = YES;
				CLANG_WARN_CONSTANT_CONVERSION = YES;
				CLANG_WARN_DEPRECATED_OBJC_IMPLEMENTATIONS = YES;
				CLANG_WARN_DIRECT_OBJC_ISA_USAGE = YES_ERROR;
				CLANG_WARN_DOCUMENTATION_COMMENTS = YES;
				CLANG_WARN_EMPTY_BODY = YES;
				CLANG_WARN_ENUM_CONVERSION = YES;
				CLANG_WARN_INFINITE_RECURSION = YES;
				CLANG_WARN_INT_CONVERSION = YES;
				CLANG_WARN_NON_LITERAL_NULL_CONVERSION = YES;
				CLANG_WARN_OBJC_IMPLICIT_RETAIN_SELF = YES;
				CLANG_WARN_OBJC_LITERAL_CONVERSION = YES;
				CLANG_WARN_OBJC_ROOT_CLASS = YES_ERROR;
				CLANG_WARN_QUOTED_INCLUDE_IN_FRAMEWORK_HEADER = YES;
				CLANG_WARN_RANGE_LOOP_ANALYSIS = YES;
				CLANG_WARN_STRICT_PROTOTYPES = YES;
				CLANG_WARN_SUSPICIOUS_MOVE = YES;
				CLANG_WARN_UNGUARDED_AVAILABILITY = YES_AGGRESSIVE;
				CLANG_WARN_UNREACHABLE_CODE = YES;
				CLANG_WARN__DUPLICATE_METHOD_MATCH = YES;
				COPY_PHASE_STRIP = NO;
				DEBUG_INFORMATION_FORMAT = "dwarf-with-dsym";
				ENABLE_NS_ASSERTIONS = NO;
				ENABLE_STRICT_OBJC_MSGSEND = YES;
				GCC_C_LANGUAGE_STANDARD = gnu11;
				GCC_NO_COMMON_BLOCKS = YES;
				GCC_WARN_64_TO_32_BIT_CONVERSION = YES;
				GCC_WARN_ABOUT_RETURN_TYPE = YES_ERROR;
				GCC_WARN_UNDECLARED_SELECTOR = YES;
				GCC_WARN_UNINITIALIZED_AUTOS = YES_AGGRESSIVE;
				GCC_WARN_UNUSED_FUNCTION = YES;
				GCC_WARN_UNUSED_VARIABLE = YES;
				MACOSX_DEPLOYMENT_TARGET = 13.3;
				MTL_ENABLE_DEBUG_INFO = NO;
				MTL_FAST_MATH = YES;
				SDKROOT = macosx;
				SWIFT_COMPILATION_MODE = wholemodule;
				SWIFT_OPTIMIZATION_LEVEL = "-O";
			};
			name = Release;
		};
		1A948EA129F6E3770072C915 /* Debug */ = {
			isa = XCBuildConfiguration;
			buildSettings = {
				CODE_SIGN_STYLE = Automatic;
				PRODUCT_NAME = "$(TARGET_NAME)";
				SWIFT_VERSION = 5.0;
			};
			name = Debug;
		};
		1A948EA229F6E3770072C915 /* Release */ = {
			isa = XCBuildConfiguration;
			buildSettings = {
				CODE_SIGN_STYLE = Automatic;
				PRODUCT_NAME = "$(TARGET_NAME)";
				SWIFT_VERSION = 5.0;
			};
			name = Release;
		};
/* End XCBuildConfiguration section */

/* Begin XCConfigurationList section */
		1A948E9429F6E3770072C915 /* Build configuration list for PBXProject "courseProject" */ = {
			isa = XCConfigurationList;
			buildConfigurations = (
				1A948E9E29F6E3770072C915 /* Debug */,
				1A948E9F29F6E3770072C915 /* Release */,
			);
			defaultConfigurationIsVisible = 0;
			defaultConfigurationName = Release;
		};
		1A948EA029F6E3770072C915 /* Build configuration list for PBXNativeTarget "courseProject" */ = {
			isa = XCConfigurationList;
			buildConfigurations = (
				1A948EA129F6E3770072C915 /* Debug */,
				1A948EA229F6E3770072C915 /* Release */,
			);
			defaultConfigurationIsVisible = 0;
			defaultConfigurationName = Release;
		};
/* End XCConfigurationList section */
	};
	rootObject = 1A948E9129F6E3770072C915 /* Project object */;
}
